
Microsoft Visual Studio Solution File, Format Version 12.00
Project("{FAE04EC0-301F-11D3-BF4B-00C04F79EFBC}") = "Aviator.Main", "Aviator.Main\Aviator.Main.csproj", "{0F910EE4-5444-4C5F-AB9E-B4D3423C791B}"
EndProject
Project("{FAE04EC0-301F-11D3-BF4B-00C04F79EFBC}") = "Aviator.Airframe", "Aviator.Airframe\Aviator.Airframe.csproj", "{AC4F7046-FBAD-4CC5-87D9-F59128114CDC}"
EndProject
Project("{FAE04EC0-301F-11D3-BF4B-00C04F79EFBC}") = "Aviator.Network", "Aviator.Network\Aviator.Network.csproj", "{1153F39E-E120-440B-A3A9-0C10A73D6E51}"
EndProject
Project("{FAE04EC0-301F-11D3-BF4B-00C04F79EFBC}") = "Aviator.Adsb", "Aviator.Adsb\Aviator.Adsb.csproj", "{3E7FCC6D-C21B-475F-B96A-92D683265EC2}"
EndProject
Project("{FAE04EC0-301F-11D3-BF4B-00C04F79EFBC}") = "Aviator.Global", "Aviator.Global\Aviator.Global.csproj", "{CE86AB24-4DEF-4E3B-AD63-3909506A4CD0}"
EndProject
Global
	GlobalSection(SolutionConfigurationPlatforms) = preSolution
		Debug|Any CPU = Debug|Any CPU
		Release|Any CPU = Release|Any CPU
	EndGlobalSection
	GlobalSection(ProjectConfigurationPlatforms) = postSolution
		{0F910EE4-5444-4C5F-AB9E-B4D3423C791B}.Debug|Any CPU.ActiveCfg = Debug|Any CPU
		{0F910EE4-5444-4C5F-AB9E-B4D3423C791B}.Debug|Any CPU.Build.0 = Debug|Any CPU
		{0F910EE4-5444-4C5F-AB9E-B4D3423C791B}.Release|Any CPU.ActiveCfg = Release|Any CPU
		{0F910EE4-5444-4C5F-AB9E-B4D3423C791B}.Release|Any CPU.Build.0 = Release|Any CPU
		{AC4F7046-FBAD-4CC5-87D9-F59128114CDC}.Debug|Any CPU.ActiveCfg = Debug|Any CPU
		{AC4F7046-FBAD-4CC5-87D9-F59128114CDC}.Debug|Any CPU.Build.0 = Debug|Any CPU
		{AC4F7046-FBAD-4CC5-87D9-F59128114CDC}.Release|Any CPU.ActiveCfg = Release|Any CPU
		{AC4F7046-FBAD-4CC5-87D9-F59128114CDC}.Release|Any CPU.Build.0 = Release|Any CPU
		{1153F39E-E120-440B-A3A9-0C10A73D6E51}.Debug|Any CPU.ActiveCfg = Debug|Any CPU
		{1153F39E-E120-440B-A3A9-0C10A73D6E51}.Debug|Any CPU.Build.0 = Debug|Any CPU
		{1153F39E-E120-440B-A3A9-0C10A73D6E51}.Release|Any CPU.ActiveCfg = Release|Any CPU
		{1153F39E-E120-440B-A3A9-0C10A73D6E51}.Release|Any CPU.Build.0 = Release|Any CPU
		{3E7FCC6D-C21B-475F-B96A-92D683265EC2}.Debug|Any CPU.ActiveCfg = Debug|Any CPU
		{3E7FCC6D-C21B-475F-B96A-92D683265EC2}.Debug|Any CPU.Build.0 = Debug|Any CPU
		{3E7FCC6D-C21B-475F-B96A-92D683265EC2}.Release|Any CPU.ActiveCfg = Release|Any CPU
		{3E7FCC6D-C21B-475F-B96A-92D683265EC2}.Release|Any CPU.Build.0 = Release|Any CPU
		{CE86AB24-4DEF-4E3B-AD63-3909506A4CD0}.Debug|Any CPU.ActiveCfg = Debug|Any CPU
		{CE86AB24-4DEF-4E3B-AD63-3909506A4CD0}.Debug|Any CPU.Build.0 = Debug|Any CPU
		{CE86AB24-4DEF-4E3B-AD63-3909506A4CD0}.Release|Any CPU.ActiveCfg = Release|Any CPU
		{CE86AB24-4DEF-4E3B-AD63-3909506A4CD0}.Release|Any CPU.Build.0 = Release|Any CPU
	EndGlobalSection
EndGlobal
